// !$*UTF8*$!
{
	archiveVersion = 1;
	classes = {
	};
	objectVersion = 46;
	objects = {

/* Begin PBXBuildFile section */
		788B9F7D197CCE67006E4D2B /* main.m in Sources */ = {isa = PBXBuildFile; fileRef = 788B9F7C197CCE67006E4D2B /* main.m */; };
		788B9F80197CCE67006E4D2B /* AppDelegate.m in Sources */ = {isa = PBXBuildFile; fileRef = 788B9F7F197CCE67006E4D2B /* AppDelegate.m */; };
		788B9F83197CCE67006E4D2B /* CustomKeyboard.xcdatamodeld in Sources */ = {isa = PBXBuildFile; fileRef = 788B9F81197CCE67006E4D2B /* CustomKeyboard.xcdatamodeld */; };
		788B9F86197CCE67006E4D2B /* ViewController.m in Sources */ = {isa = PBXBuildFile; fileRef = 788B9F85197CCE67006E4D2B /* ViewController.m */; };
		788B9F89197CCE67006E4D2B /* Main.storyboard in Resources */ = {isa = PBXBuildFile; fileRef = 788B9F87197CCE67006E4D2B /* Main.storyboard */; };
		788B9F8B197CCE67006E4D2B /* Images.xcassets in Resources */ = {isa = PBXBuildFile; fileRef = 788B9F8A197CCE67006E4D2B /* Images.xcassets */; };
		788B9F97197CCE67006E4D2B /* CustomKeyboardTests.m in Sources */ = {isa = PBXBuildFile; fileRef = 788B9F96197CCE67006E4D2B /* CustomKeyboardTests.m */; };
/* End PBXBuildFile section */

/* Begin PBXContainerItemProxy section */
		788B9F91197CCE67006E4D2B /* PBXContainerItemProxy */ = {
			isa = PBXContainerItemProxy;
			containerPortal = 788B9F6F197CCE67006E4D2B /* Project object */;
			proxyType = 1;
			remoteGlobalIDString = 788B9F76197CCE67006E4D2B;
			remoteInfo = CustomKeyboard;
		};
/* End PBXContainerItemProxy section */

/* Begin PBXFileReference section */
		788B9F77197CCE67006E4D2B /* CustomKeyboard.app */ = {isa = PBXFileReference; explicitFileType = wrapper.application; includeInIndex = 0; path = CustomKeyboard.app; sourceTree = BUILT_PRODUCTS_DIR; };
		788B9F7B197CCE67006E4D2B /* Info.plist */ = {isa = PBXFileReference; lastKnownFileType = text.plist.xml; path = Info.plist; sourceTree = "<group>"; };
		788B9F7C197CCE67006E4D2B /* main.m */ = {isa = PBXFileReference; lastKnownFileType = sourcecode.c.objc; path = main.m; sourceTree = "<group>"; };
		788B9F7E197CCE67006E4D2B /* AppDelegate.h */ = {isa = PBXFileReference; lastKnownFileType = sourcecode.c.h; path = AppDelegate.h; sourceTree = "<group>"; };
		788B9F7F197CCE67006E4D2B /* AppDelegate.m */ = {isa = PBXFileReference; lastKnownFileType = sourcecode.c.objc; path = AppDelegate.m; sourceTree = "<group>"; };
		788B9F82197CCE67006E4D2B /* CustomKeyboard.xcdatamodel */ = {isa = PBXFileReference; lastKnownFileType = wrapper.xcdatamodel; path = CustomKeyboard.xcdatamodel; sourceTree = "<group>"; };
		788B9F84197CCE67006E4D2B /* ViewController.h */ = {isa = PBXFileReference; lastKnownFileType = sourcecode.c.h; path = ViewController.h; sourceTree = "<group>"; };
		788B9F85197CCE67006E4D2B /* ViewController.m */ = {isa = PBXFileReference; lastKnownFileType = sourcecode.c.objc; path = ViewController.m; sourceTree = "<group>"; };
		788B9F88197CCE67006E4D2B /* Base */ = {isa = PBXFileReference; lastKnownFileType = file.storyboard; name = Base; path = Base.lproj/Main.storyboard; sourceTree = "<group>"; };
		788B9F8A197CCE67006E4D2B /* Images.xcassets */ = {isa = PBXFileReference; lastKnownFileType = folder.assetcatalog; path = Images.xcassets; sourceTree = "<group>"; };
		788B9F90197CCE67006E4D2B /* CustomKeyboardTests.xctest */ = {isa = PBXFileReference; explicitFileType = wrapper.cfbundle; includeInIndex = 0; path = CustomKeyboardTests.xctest; sourceTree = BUILT_PRODUCTS_DIR; };
		788B9F95197CCE67006E4D2B /* Info.plist */ = {isa = PBXFileReference; lastKnownFileType = text.plist.xml; path = Info.plist; sourceTree = "<group>"; };
		788B9F96197CCE67006E4D2B /* CustomKeyboardTests.m */ = {isa = PBXFileReference; lastKnownFileType = sourcecode.c.objc; path = CustomKeyboardTests.m; sourceTree = "<group>"; };
/* End PBXFileReference section */

/* Begin PBXFrameworksBuildPhase section */
		788B9F74197CCE67006E4D2B /* Frameworks */ = {
			isa = PBXFrameworksBuildPhase;
			buildActionMask = 2147483647;
			files = (
			);
			runOnlyForDeploymentPostprocessing = 0;
		};
		788B9F8D197CCE67006E4D2B /* Frameworks */ = {
			isa = PBXFrameworksBuildPhase;
			buildActionMask = 2147483647;
			files = (
			);
			runOnlyForDeploymentPostprocessing = 0;
		};
/* End PBXFrameworksBuildPhase section */

/* Begin PBXGroup section */
		788B9F6E197CCE67006E4D2B = {
			isa = PBXGroup;
			children = (
				788B9F79197CCE67006E4D2B /* CustomKeyboard */,
				788B9F93197CCE67006E4D2B /* CustomKeyboardTests */,
				788B9F78197CCE67006E4D2B /* Products */,
			);
			sourceTree = "<group>";
		};
		788B9F78197CCE67006E4D2B /* Products */ = {
			isa = PBXGroup;
			children = (
				788B9F77197CCE67006E4D2B /* CustomKeyboard.app */,
				788B9F90197CCE67006E4D2B /* CustomKeyboardTests.xctest */,
			);
			name = Products;
			sourceTree = "<group>";
		};
		788B9F79197CCE67006E4D2B /* CustomKeyboard */ = {
			isa = PBXGroup;
			children = (
				788B9F7E197CCE67006E4D2B /* AppDelegate.h */,
				788B9F7F197CCE67006E4D2B /* AppDelegate.m */,
				788B9F84197CCE67006E4D2B /* ViewController.h */,
				788B9F85197CCE67006E4D2B /* ViewController.m */,
				788B9F87197CCE67006E4D2B /* Main.storyboard */,
				788B9F8A197CCE67006E4D2B /* Images.xcassets */,
				788B9F81197CCE67006E4D2B /* CustomKeyboard.xcdatamodeld */,
				788B9F7A197CCE67006E4D2B /* Supporting Files */,
			);
			path = CustomKeyboard;
			sourceTree = "<group>";
		};
		788B9F7A197CCE67006E4D2B /* Supporting Files */ = {
			isa = PBXGroup;
			children = (
				788B9F7B197CCE67006E4D2B /* Info.plist */,
				788B9F7C197CCE67006E4D2B /* main.m */,
			);
			name = "Supporting Files";
			sourceTree = "<group>";
		};
		788B9F93197CCE67006E4D2B /* CustomKeyboardTests */ = {
			isa = PBXGroup;
			children = (
				788B9F96197CCE67006E4D2B /* CustomKeyboardTests.m */,
				788B9F94197CCE67006E4D2B /* Supporting Files */,
			);
			path = CustomKeyboardTests;
			sourceTree = "<group>";
		};
		788B9F94197CCE67006E4D2B /* Supporting Files */ = {
			isa = PBXGroup;
			children = (
				788B9F95197CCE67006E4D2B /* Info.plist */,
			);
			name = "Supporting Files";
			sourceTree = "<group>";
		};
/* End PBXGroup section */

/* Begin PBXNativeTarget section */
		788B9F76197CCE67006E4D2B /* CustomKeyboard */ = {
			isa = PBXNativeTarget;
			buildConfigurationList = 788B9F9A197CCE67006E4D2B /* Build configuration list for PBXNativeTarget "CustomKeyboard" */;
			buildPhases = (
				788B9F73197CCE67006E4D2B /* Sources */,
				788B9F74197CCE67006E4D2B /* Frameworks */,
				788B9F75197CCE67006E4D2B /* Resources */,
			);
			buildRules = (
			);
			dependencies = (
			);
			name = CustomKeyboard;
			productName = CustomKeyboard;
			productReference = 788B9F77197CCE67006E4D2B /* CustomKeyboard.app */;
			productType = "com.apple.product-type.application";
		};
		788B9F8F197CCE67006E4D2B /* CustomKeyboardTests */ = {
			isa = PBXNativeTarget;
			buildConfigurationList = 788B9F9D197CCE67006E4D2B /* Build configuration list for PBXNativeTarget "CustomKeyboardTests" */;
			buildPhases = (
				788B9F8C197CCE67006E4D2B /* Sources */,
				788B9F8D197CCE67006E4D2B /* Frameworks */,
				788B9F8E197CCE67006E4D2B /* Resources */,
			);
			buildRules = (
			);
			dependencies = (
				788B9F92197CCE67006E4D2B /* PBXTargetDependency */,
			);
			name = CustomKeyboardTests;
			productName = CustomKeyboardTests;
			productReference = 788B9F90197CCE67006E4D2B /* CustomKeyboardTests.xctest */;
			productType = "com.apple.product-type.bundle.unit-test";
		};
/* End PBXNativeTarget section */

/* Begin PBXProject section */
		788B9F6F197CCE67006E4D2B /* Project object */ = {
			isa = PBXProject;
			attributes = {
				LastUpgradeCheck = 0600;
				ORGANIZATIONNAME = "Pooja Kamath";
				TargetAttributes = {
					788B9F76197CCE67006E4D2B = {
						CreatedOnToolsVersion = 6.0;
					};
					788B9F8F197CCE67006E4D2B = {
						CreatedOnToolsVersion = 6.0;
						TestTargetID = 788B9F76197CCE67006E4D2B;
					};
				};
			};
			buildConfigurationList = 788B9F72197CCE67006E4D2B /* Build configuration list for PBXProject "CustomKeyboard" */;
			compatibilityVersion = "Xcode 3.2";
			developmentRegion = English;
			hasScannedForEncodings = 0;
			knownRegions = (
				en,
				Base,
			);
			mainGroup = 788B9F6E197CCE67006E4D2B;
			productRefGroup = 788B9F78197CCE67006E4D2B /* Products */;
			projectDirPath = "";
			projectRoot = "";
			targets = (
				788B9F76197CCE67006E4D2B /* CustomKeyboard */,
				788B9F8F197CCE67006E4D2B /* CustomKeyboardTests */,
			);
		};
/* End PBXProject section */

/* Begin PBXResourcesBuildPhase section */
		788B9F75197CCE67006E4D2B /* Resources */ = {
			isa = PBXResourcesBuildPhase;
			buildActionMask = 2147483647;
			files = (
				788B9F89197CCE67006E4D2B /* Main.storyboard in Resources */,
				788B9F8B197CCE67006E4D2B /* Images.xcassets in Resources */,
			);
			runOnlyForDeploymentPostprocessing = 0;
		};
		788B9F8E197CCE67006E4D2B /* Resources */ = {
			isa = PBXResourcesBuildPhase;
			buildActionMask = 2147483647;
			files = (
			);
			runOnlyForDeploymentPostprocessing = 0;
		};
/* End PBXResourcesBuildPhase section */

/* Begin PBXSourcesBuildPhase section */
		788B9F73197CCE67006E4D2B /* Sources */ = {
			isa = PBXSourcesBuildPhase;
			buildActionMask = 2147483647;
			files = (
				788B9F83197CCE67006E4D2B /* CustomKeyboard.xcdatamodeld in Sources */,
				788B9F80197CCE67006E4D2B /* AppDelegate.m in Sources */,
				788B9F86197CCE67006E4D2B /* ViewController.m in Sources */,
				788B9F7D197CCE67006E4D2B /* main.m in Sources */,
			);
			runOnlyForDeploymentPostprocessing = 0;
		};
		788B9F8C197CCE67006E4D2B /* Sources */ = {
			isa = PBXSourcesBuildPhase;
			buildActionMask = 2147483647;
			files = (
				788B9F97197CCE67006E4D2B /* CustomKeyboardTests.m in Sources */,
			);
			runOnlyForDeploymentPostprocessing = 0;
		};
/* End PBXSourcesBuildPhase section */

/* Begin PBXTargetDependency section */
		788B9F92197CCE67006E4D2B /* PBXTargetDependency */ = {
			isa = PBXTargetDependency;
			target = 788B9F76197CCE67006E4D2B /* CustomKeyboard */;
			targetProxy = 788B9F91197CCE67006E4D2B /* PBXContainerItemProxy */;
		};
/* End PBXTargetDependency section */

/* Begin PBXVariantGroup section */
		788B9F87197CCE67006E4D2B /* Main.storyboard */ = {
			isa = PBXVariantGroup;
			children = (
				788B9F88197CCE67006E4D2B /* Base */,
			);
			name = Main.storyboard;
			sourceTree = "<group>";
		};
/* End PBXVariantGroup section */

/* Begin XCBuildConfiguration section */
		788B9F98197CCE67006E4D2B /* Debug */ = {
			isa = XCBuildConfiguration;
			buildSettings = {
				ALWAYS_SEARCH_USER_PATHS = NO;
				CLANG_CXX_LANGUAGE_STANDARD = "gnu++0x";
				CLANG_CXX_LIBRARY = "libc++";
				CLANG_ENABLE_MODULES = YES;
				CLANG_ENABLE_OBJC_ARC = YES;
				CLANG_WARN_BOOL_CONVERSION = YES;
				CLANG_WARN_CONSTANT_CONVERSION = YES;
				CLANG_WARN_DIRECT_OBJC_ISA_USAGE = YES_ERROR;
				CLANG_WARN_EMPTY_BODY = YES;
				CLANG_WARN_ENUM_CONVERSION = YES;
				CLANG_WARN_INT_CONVERSION = YES;
				CLANG_WARN_OBJC_ROOT_CLASS = YES_ERROR;
				CLANG_WARN_UNREACHABLE_CODE = YES;
				CLANG_WARN__DUPLICATE_METHOD_MATCH = YES;
				"CODE_SIGN_IDENTITY[sdk=iphoneos*]" = "iPhone Developer";
				COPY_PHASE_STRIP = NO;
				ENABLE_STRICT_OBJC_MSGSEND = YES;
				GCC_C_LANGUAGE_STANDARD = gnu99;
				GCC_DYNAMIC_NO_PIC = NO;
				GCC_OPTIMIZATION_LEVEL = 0;
				GCC_PREPROCESSOR_DEFINITIONS = (
					"DEBUG=1",
					"$(inherited)",
				);
				GCC_SYMBOLS_PRIVATE_EXTERN = NO;
				GCC_WARN_64_TO_32_BIT_CONVERSION = YES;
				GCC_WARN_ABOUT_RETURN_TYPE = YES_ERROR;
				GCC_WARN_UNDECLARED_SELECTOR = YES;
				GCC_WARN_UNINITIALIZED_AUTOS = YES_AGGRESSIVE;
				GCC_WARN_UNUSED_FUNCTION = YES;
				GCC_WARN_UNUSED_VARIABLE = YES;
				IPHONEOS_DEPLOYMENT_TARGET = 8.0;
				METAL_ENABLE_DEBUG_INFO = YES;
				ONLY_ACTIVE_ARCH = YES;
				SDKROOT = iphoneos;
			};
			name = Debug;
		};
		788B9F99197CCE67006E4D2B /* Release */ = {
			isa = XCBuildConfiguration;
			buildSettings = {
				ALWAYS_SEARCH_USER_PATHS = NO;
				CLANG_CXX_LANGUAGE_STANDARD = "gnu++0x";
				CLANG_CXX_LIBRARY = "libc++";
				CLANG_ENABLE_MODULES = YES;
				CLANG_ENABLE_OBJC_ARC = YES;
				CLANG_WARN_BOOL_CONVERSION = YES;
				CLANG_WARN_CONSTANT_CONVERSION = YES;
				CLANG_WARN_DIRECT_OBJC_ISA_USAGE = YES_ERROR;
				CLANG_WARN_EMPTY_BODY = YES;
				CLANG_WARN_ENUM_CONVERSION = YES;
				CLANG_WARN_INT_CONVERSION = YES;
				CLANG_WARN_OBJC_ROOT_CLASS = YES_ERROR;
				CLANG_WARN_UNREACHABLE_CODE = YES;
				CLANG_WARN__DUPLICATE_METHOD_MATCH = YES;
				"CODE_SIGN_IDENTITY[sdk=iphoneos*]" = "iPhone Developer";
				COPY_PHASE_STRIP = YES;
				ENABLE_NS_ASSERTIONS = NO;
				ENABLE_STRICT_OBJC_MSGSEND = YES;
				GCC_C_LANGUAGE_STANDARD = gnu99;
				GCC_WARN_64_TO_32_BIT_CONVERSION = YES;
				GCC_WARN_ABOUT_RETURN_TYPE = YES_ERROR;
				GCC_WARN_UNDECLARED_SELECTOR = YES;
				GCC_WARN_UNINITIALIZED_AUTOS = YES_AGGRESSIVE;
				GCC_WARN_UNUSED_FUNCTION = YES;
				GCC_WARN_UNUSED_VARIABLE = YES;
				IPHONEOS_DEPLOYMENT_TARGET = 8.0;
				METAL_ENABLE_DEBUG_INFO = NO;
				SDKROOT = iphoneos;
				VALIDATE_PRODUCT = YES;
			};
			name = Release;
		};
		788B9F9B197CCE67006E4D2B /* Debug */ = {
			isa = XCBuildConfiguration;
			buildSettings = {
				ASSETCATALOG_COMPILER_APPICON_NAME = AppIcon;
				ASSETCATALOG_COMPILER_LAUNCHIMAGE_NAME = LaunchImage;
				INFOPLIST_FILE = CustomKeyboard/Info.plist;
				LD_RUNPATH_SEARCH_PATHS = "$(inherited) @executable_path/Frameworks";
				PRODUCT_NAME = "$(TARGET_NAME)";
			};
			name = Debug;
		};
		788B9F9C197CCE67006E4D2B /* Release */ = {
			isa = XCBuildConfiguration;
			buildSettings = {
				ASSETCATALOG_COMPILER_APPICON_NAME = AppIcon;
				ASSETCATALOG_COMPILER_LAUNCHIMAGE_NAME = LaunchImage;
				INFOPLIST_FILE = CustomKeyboard/Info.plist;
				LD_RUNPATH_SEARCH_PATHS = "$(inherited) @executable_path/Frameworks";
				PRODUCT_NAME = "$(TARGET_NAME)";
			};
			name = Release;
		};
		788B9F9E197CCE67006E4D2B /* Debug */ = {
			isa = XCBuildConfiguration;
			buildSettings = {
				BUNDLE_LOADER = "$(BUILT_PRODUCTS_DIR)/CustomKeyboard.app/CustomKeyboard";
				FRAMEWORK_SEARCH_PATHS = (
					"$(SDKROOT)/Developer/Library/Frameworks",
					"$(inherited)",
				);
				GCC_PREPROCESSOR_DEFINITIONS = (
					"DEBUG=1",
					"$(inherited)",
				);
				INFOPLIST_FILE = CustomKeyboardTests/Info.plist;
				LD_RUNPATH_SEARCH_PATHS = "$(inherited) @executable_path/Frameworks @loader_path/Frameworks";
				METAL_ENABLE_DEBUG_INFO = YES;
				PRODUCT_NAME = "$(TARGET_NAME)";
				TEST_HOST = "$(BUNDLE_LOADER)";
			};
			name = Debug;
		};
		788B9F9F197CCE67006E4D2B /* Release */ = {
			isa = XCBuildConfiguration;
			buildSettings = {
				BUNDLE_LOADER = "$(BUILT_PRODUCTS_DIR)/CustomKeyboard.app/CustomKeyboard";
				FRAMEWORK_SEARCH_PATHS = (
					"$(SDKROOT)/Developer/Library/Frameworks",
					"$(inherited)",
				);
				INFOPLIST_FILE = CustomKeyboardTests/Info.plist;
				LD_RUNPATH_SEARCH_PATHS = "$(inherited) @executable_path/Frameworks @loader_path/Frameworks";
				METAL_ENABLE_DEBUG_INFO = NO;
				PRODUCT_NAME = "$(TARGET_NAME)";
				TEST_HOST = "$(BUNDLE_LOADER)";
			};
			name = Release;
		};
/* End XCBuildConfiguration section */

/* Begin XCConfigurationList section */
		788B9F72197CCE67006E4D2B /* Build configuration list for PBXProject "CustomKeyboard" */ = {
			isa = XCConfigurationList;
			buildConfigurations = (
				788B9F98197CCE67006E4D2B /* Debug */,
				788B9F99197CCE67006E4D2B /* Release */,
			);
			defaultConfigurationIsVisible = 0;
			defaultConfigurationName = Release;
		};
		788B9F9A197CCE67006E4D2B /* Build configuration list for PBXNativeTarget "CustomKeyboard" */ = {
			isa = XCConfigurationList;
			buildConfigurations = (
				788B9F9B197CCE67006E4D2B /* Debug */,
				788B9F9C197CCE67006E4D2B /* Release */,
			);
			defaultConfigurationIsVisible = 0;
		};
		788B9F9D197CCE67006E4D2B /* Build configuration list for PBXNativeTarget "CustomKeyboardTests" */ = {
			isa = XCConfigurationList;
			buildConfigurations = (
				788B9F9E197CCE67006E4D2B /* Debug */,
				788B9F9F197CCE67006E4D2B /* Release */,
			);
			defaultConfigurationIsVisible = 0;
		};
/* End XCConfigurationList section */

/* Begin XCVersionGroup section */
		788B9F81197CCE67006E4D2B /* CustomKeyboard.xcdatamodeld */ = {
			isa = XCVersionGroup;
			children = (
				788B9F82197CCE67006E4D2B /* CustomKeyboard.xcdatamodel */,
			);
			currentVersion = 788B9F82197CCE67006E4D2B /* CustomKeyboard.xcdatamodel */;
			path = CustomKeyboard.xcdatamodeld;
			sourceTree = "<group>";
			versionGroupType = wrapper.xcdatamodel;
		};
/* End XCVersionGroup section */
	};
	rootObject = 788B9F6F197CCE67006E4D2B /* Project object */;
}
